
Microsoft Visual Studio Solution File, Format Version 12.00
# Visual Studio Version 17
VisualStudioVersion = 17.4.33213.308
MinimumVisualStudioVersion = 10.0.40219.1
Project("{9A19103F-16F7-4668-BE54-9A1E7A4F7556}") = "BulkyBookStoreWeb", "BulkyBookStoreWeb.csproj", "{D36D9C8B-B452-40DD-B233-5BD37A08091D}"
EndProject
Global
	GlobalSection(SolutionConfigurationPlatforms) = preSolution
		Debug|Any CPU = Debug|Any CPU
		Release|Any CPU = Release|Any CPU
	EndGlobalSection
	GlobalSection(ProjectConfigurationPlatforms) = postSolution
		{D36D9C8B-B452-40DD-B233-5BD37A08091D}.Debug|Any CPU.ActiveCfg = Debug|Any CPU
		{D36D9C8B-B452-40DD-B233-5BD37A08091D}.Debug|Any CPU.Build.0 = Debug|Any CPU
		{D36D9C8B-B452-40DD-B233-5BD37A08091D}.Release|Any CPU.ActiveCfg = Release|Any CPU
		{D36D9C8B-B452-40DD-B233-5BD37A08091D}.Release|Any CPU.Build.0 = Release|Any CPU
	EndGlobalSection
	GlobalSection(SolutionProperties) = preSolution
		HideSolutionNode = FALSE
	EndGlobalSection
	GlobalSection(ExtensibilityGlobals) = postSolution
		SolutionGuid = {0F3A0AE3-5899-4B8C-AE28-8E7223D5A576}
	EndGlobalSection
EndGlobal
